{
  "name": "FaceAPI",
  "lockfileVersion": 2,
  "requires": true,
  "packages": {
    "": {
      "dependencies": {
        "@tensorflow-models/coco-ssd": "^2.2.2",
        "@tensorflow/tfjs-core": "^4.0.0",
        "face-api.js": "^0.22.2"
      }
    },
    "node_modules/@tensorflow-models/coco-ssd": {
      "version": "2.2.2",
      "resolved": "https://registry.npmjs.org/@tensorflow-models/coco-ssd/-/coco-ssd-2.2.2.tgz",
      "integrity": "sha512-Jey2JscmKEValcFZH2ZLz14s8KPRmVtfJ0d0M3dPhvBp9dJiGNanVXr/pJAY5OS7emKj9uSciGhdkHWXY9Hovw==",
      "peerDependencies": {
        "@tensorflow/tfjs-converter": "^3.3.0",
        "@tensorflow/tfjs-core": "^3.3.0"
      }
    },
    "node_modules/@tensorflow/tfjs-converter": {
      "version": "3.21.0",
      "resolved": "https://registry.npmjs.org/@tensorflow/tfjs-converter/-/tfjs-converter-3.21.0.tgz",
      "integrity": "sha512-12Y4zVDq3yW+wSjSDpSv4HnpL2sDZrNiGSg8XNiDE4HQBdjdA+a+Q3sZF/8NV9y2yoBhL5L7V4mMLDdbZBd9/Q==",
      "peer": true,
      "peerDependencies": {
        "@tensorflow/tfjs-core": "3.21.0"
      }
    },
    "node_modules/@tensorflow/tfjs-core": {
      "version": "4.0.0",
      "resolved": "https://registry.npmjs.org/@tensorflow/tfjs-core/-/tfjs-core-4.0.0.tgz",
      "integrity": "sha512-RrTgHPT8Xo6vsBvaRkee1YOoH3lv0lEtS3ISGRcHsUy8mkT8ZIMNou4zaJuIBQ7bVPXOeOFFeTbjDvWVtYypxQ==",
      "dependencies": {
        "@types/long": "^4.0.1",
        "@types/offscreencanvas": "~2019.7.0",
        "@types/seedrandom": "^2.4.28",
        "@types/webgl-ext": "0.0.30",
        "@webgpu/types": "0.1.21",
        "long": "4.0.0",
        "node-fetch": "~2.6.1",
        "seedrandom": "^3.0.5"
      },
      "engines": {
        "yarn": ">= 1.3.2"
      }
    },
    "node_modules/@tensorflow/tfjs-core/node_modules/@types/offscreencanvas": {
      "version": "2019.7.0",
      "resolved": "https://registry.npmjs.org/@types/offscreencanvas/-/offscreencanvas-2019.7.0.tgz",
      "integrity": "sha512-PGcyveRIpL1XIqK8eBsmRBt76eFgtzuPiSTyKHZxnGemp2yzGzWpjYKAfK3wIMiU7eH+851yEpiuP8JZerTmWg=="
    },
    "node_modules/@types/long": {
      "version": "4.0.2",
      "resolved": "https://registry.npmjs.org/@types/long/-/long-4.0.2.tgz",
      "integrity": "sha512-MqTGEo5bj5t157U6fA/BiDynNkn0YknVdh48CMPkTSpFTVmvao5UQmm7uEF6xBEo7qIMAlY/JSleYaE6VOdpaA=="
    },
    "node_modules/@types/offscreencanvas": {
      "version": "2019.3.0",
      "resolved": "https://registry.npmjs.org/@types/offscreencanvas/-/offscreencanvas-2019.3.0.tgz",
      "integrity": "sha512-esIJx9bQg+QYF0ra8GnvfianIY8qWB0GBx54PK5Eps6m+xTj86KLavHv6qDhzKcu5UUOgNfJ2pWaIIV7TRUd9Q=="
    },
    "node_modules/@types/seedrandom": {
      "version": "2.4.30",
      "resolved": "https://registry.npmjs.org/@types/seedrandom/-/seedrandom-2.4.30.tgz",
      "integrity": "sha512-AnxLHewubLVzoF/A4qdxBGHCKifw8cY32iro3DQX9TPcetE95zBeVt3jnsvtvAUf1vwzMfwzp4t/L2yqPlnjkQ=="
    },
    "node_modules/@types/webgl-ext": {
      "version": "0.0.30",
      "resolved": "https://registry.npmjs.org/@types/webgl-ext/-/webgl-ext-0.0.30.tgz",
      "integrity": "sha512-LKVgNmBxN0BbljJrVUwkxwRYqzsAEPcZOe6S2T6ZaBDIrFp0qu4FNlpc5sM1tGbXUYFgdVQIoeLk1Y1UoblyEg=="
    },
    "node_modules/@types/webgl2": {
      "version": "0.0.4",
      "resolved": "https://registry.npmjs.org/@types/webgl2/-/webgl2-0.0.4.tgz",
      "integrity": "sha512-PACt1xdErJbMUOUweSrbVM7gSIYm1vTncW2hF6Os/EeWi6TXYAYMPp+8v6rzHmypE5gHrxaxZNXgMkJVIdZpHw=="
    },
    "node_modules/@webgpu/types": {
      "version": "0.1.21",
      "resolved": "https://registry.npmjs.org/@webgpu/types/-/types-0.1.21.tgz",
      "integrity": "sha512-pUrWq3V5PiSGFLeLxoGqReTZmiiXwY3jRkIG5sLLKjyqNxrwm/04b4nw7LSmGWJcKk59XOM/YRTUwOzo4MMlow=="
    },
    "node_modules/face-api.js": {
      "version": "0.22.2",
      "resolved": "https://registry.npmjs.org/face-api.js/-/face-api.js-0.22.2.tgz",
      "integrity": "sha512-9Bbv/yaBRTKCXjiDqzryeKhYxmgSjJ7ukvOvEBy6krA0Ah/vNBlsf7iBNfJljWiPA8Tys1/MnB3lyP2Hfmsuyw==",
      "dependencies": {
        "@tensorflow/tfjs-core": "1.7.0",
        "tslib": "^1.11.1"
      }
    },
    "node_modules/face-api.js/node_modules/@tensorflow/tfjs-core": {
      "version": "1.7.0",
      "resolved": "https://registry.npmjs.org/@tensorflow/tfjs-core/-/tfjs-core-1.7.0.tgz",
      "integrity": "sha512-uwQdiklNjqBnHPeseOdG0sGxrI3+d6lybaKu2+ou3ajVeKdPEwpWbgqA6iHjq1iylnOGkgkbbnQ6r2lwkiIIHw==",
      "dependencies": {
        "@types/offscreencanvas": "~2019.3.0",
        "@types/seedrandom": "2.4.27",
        "@types/webgl-ext": "0.0.30",
        "@types/webgl2": "0.0.4",
        "node-fetch": "~2.1.2",
        "seedrandom": "2.4.3"
      },
      "engines": {
        "yarn": ">= 1.3.2"
      }
    },
    "node_modules/face-api.js/node_modules/@types/seedrandom": {
      "version": "2.4.27",
      "resolved": "https://registry.npmjs.org/@types/seedrandom/-/seedrandom-2.4.27.tgz",
      "integrity": "sha512-YvMLqFak/7rt//lPBtEHv3M4sRNA+HGxrhFZ+DQs9K2IkYJbNwVIb8avtJfhDiuaUBX/AW0jnjv48FV8h3u9bQ=="
    },
    "node_modules/face-api.js/node_modules/node-fetch": {
      "version": "2.1.2",
      "resolved": "https://registry.npmjs.org/node-fetch/-/node-fetch-2.1.2.tgz",
      "integrity": "sha512-IHLHYskTc2arMYsHZH82PVX8CSKT5lzb7AXeyO06QnjGDKtkv+pv3mEki6S7reB/x1QPo+YPxQRNEVgR5V/w3Q==",
      "engines": {
        "node": "4.x || >=6.0.0"
      }
    },
    "node_modules/face-api.js/node_modules/seedrandom": {
      "version": "2.4.3",
      "resolved": "https://registry.npmjs.org/seedrandom/-/seedrandom-2.4.3.tgz",
      "integrity": "sha512-2CkZ9Wn2dS4mMUWQaXLsOAfGD+irMlLEeSP3cMxpGbgyOOzJGFa+MWCOMTOCMyZinHRPxyOj/S/C57li/1to6Q=="
    },
    "node_modules/long": {
      "version": "4.0.0",
      "resolved": "https://registry.npmjs.org/long/-/long-4.0.0.tgz",
      "integrity": "sha512-XsP+KhQif4bjX1kbuSiySJFNAehNxgLb6hPRGJ9QsUr8ajHkuXGdrHmFUTUUXhDwVX2R5bY4JNZEwbUiMhV+MA=="
    },
    "node_modules/node-fetch": {
      "version": "2.6.7",
      "resolved": "https://registry.npmjs.org/node-fetch/-/node-fetch-2.6.7.tgz",
      "integrity": "sha512-ZjMPFEfVx5j+y2yF35Kzx5sF7kDzxuDj6ziH4FFbOp87zKDZNx8yExJIb05OGF4Nlt9IHFIMBkRl41VdvcNdbQ==",
      "dependencies": {
        "whatwg-url": "^5.0.0"
      },
      "engines": {
        "node": "4.x || >=6.0.0"
      },
      "peerDependencies": {
        "encoding": "^0.1.0"
      },
      "peerDependenciesMeta": {
        "encoding": {
          "optional": true
        }
      }
    },
    "node_modules/seedrandom": {
      "version": "3.0.5",
      "resolved": "https://registry.npmjs.org/seedrandom/-/seedrandom-3.0.5.tgz",
      "integrity": "sha512-8OwmbklUNzwezjGInmZ+2clQmExQPvomqjL7LFqOYqtmuxRgQYqOD3mHaU+MvZn5FLUeVxVfQjwLZW/n/JFuqg=="
    },
    "node_modules/tr46": {
      "version": "0.0.3",
      "resolved": "https://registry.npmjs.org/tr46/-/tr46-0.0.3.tgz",
      "integrity": "sha512-N3WMsuqV66lT30CrXNbEjx4GEwlow3v6rr4mCcv6prnfwhS01rkgyFdjPNBYd9br7LpXV1+Emh01fHnq2Gdgrw=="
    },
    "node_modules/tslib": {
      "version": "1.14.1",
      "resolved": "https://registry.npmjs.org/tslib/-/tslib-1.14.1.tgz",
      "integrity": "sha512-Xni35NKzjgMrwevysHTCArtLDpPvye8zV/0E4EyYn43P7/7qvQwPh9BGkHewbMulVntbigmcT7rdX3BNo9wRJg=="
    },
    "node_modules/webidl-conversions": {
      "version": "3.0.1",
      "resolved": "https://registry.npmjs.org/webidl-conversions/-/webidl-conversions-3.0.1.tgz",
      "integrity": "sha512-2JAn3z8AR6rjK8Sm8orRC0h/bcl/DqL7tRPdGZ4I1CjdF+EaMLmYxBHyXuKL849eucPFhvBoxMsflfOb8kxaeQ=="
    },
    "node_modules/whatwg-url": {
      "version": "5.0.0",
      "resolved": "https://registry.npmjs.org/whatwg-url/-/whatwg-url-5.0.0.tgz",
      "integrity": "sha512-saE57nupxk6v3HY35+jzBwYa0rKSy0XR8JSxZPwgLr7ys0IBzhGviA1/TUGJLmSVqs8pb9AnvICXEuOHLprYTw==",
      "dependencies": {
        "tr46": "~0.0.3",
        "webidl-conversions": "^3.0.0"
      }
    }
  },
  "dependencies": {
    "@tensorflow-models/coco-ssd": {
      "version": "2.2.2",
      "resolved": "https://registry.npmjs.org/@tensorflow-models/coco-ssd/-/coco-ssd-2.2.2.tgz",
      "integrity": "sha512-Jey2JscmKEValcFZH2ZLz14s8KPRmVtfJ0d0M3dPhvBp9dJiGNanVXr/pJAY5OS7emKj9uSciGhdkHWXY9Hovw==",
      "requires": {}
    },
    "@tensorflow/tfjs-converter": {
      "version": "3.21.0",
      "resolved": "https://registry.npmjs.org/@tensorflow/tfjs-converter/-/tfjs-converter-3.21.0.tgz",
      "integrity": "sha512-12Y4zVDq3yW+wSjSDpSv4HnpL2sDZrNiGSg8XNiDE4HQBdjdA+a+Q3sZF/8NV9y2yoBhL5L7V4mMLDdbZBd9/Q==",
      "peer": true,
      "requires": {}
    },
    "@tensorflow/tfjs-core": {
      "version": "4.0.0",
      "resolved": "https://registry.npmjs.org/@tensorflow/tfjs-core/-/tfjs-core-4.0.0.tgz",
      "integrity": "sha512-RrTgHPT8Xo6vsBvaRkee1YOoH3lv0lEtS3ISGRcHsUy8mkT8ZIMNou4zaJuIBQ7bVPXOeOFFeTbjDvWVtYypxQ==",
      "requires": {
        "@types/long": "^4.0.1",
        "@types/offscreencanvas": "~2019.7.0",
        "@types/seedrandom": "^2.4.28",
        "@types/webgl-ext": "0.0.30",
        "@webgpu/types": "0.1.21",
        "long": "4.0.0",
        "node-fetch": "~2.6.1",
        "seedrandom": "^3.0.5"
      },
      "dependencies": {
        "@types/offscreencanvas": {
          "version": "2019.7.0",
          "resolved": "https://registry.npmjs.org/@types/offscreencanvas/-/offscreencanvas-2019.7.0.tgz",
          "integrity": "sha512-PGcyveRIpL1XIqK8eBsmRBt76eFgtzuPiSTyKHZxnGemp2yzGzWpjYKAfK3wIMiU7eH+851yEpiuP8JZerTmWg=="
        }
      }
    },
    "@types/long": {
      "version": "4.0.2",
      "resolved": "https://registry.npmjs.org/@types/long/-/long-4.0.2.tgz",
      "integrity": "sha512-MqTGEo5bj5t157U6fA/BiDynNkn0YknVdh48CMPkTSpFTVmvao5UQmm7uEF6xBEo7qIMAlY/JSleYaE6VOdpaA=="
    },
    "@types/offscreencanvas": {
      "version": "2019.3.0",
      "resolved": "https://registry.npmjs.org/@types/offscreencanvas/-/offscreencanvas-2019.3.0.tgz",
      "integrity": "sha512-esIJx9bQg+QYF0ra8GnvfianIY8qWB0GBx54PK5Eps6m+xTj86KLavHv6qDhzKcu5UUOgNfJ2pWaIIV7TRUd9Q=="
    },
    "@types/seedrandom": {
      "version": "2.4.30",
      "resolved": "https://registry.npmjs.org/@types/seedrandom/-/seedrandom-2.4.30.tgz",
      "integrity": "sha512-AnxLHewubLVzoF/A4qdxBGHCKifw8cY32iro3DQX9TPcetE95zBeVt3jnsvtvAUf1vwzMfwzp4t/L2yqPlnjkQ=="
    },
    "@types/webgl-ext": {
      "version": "0.0.30",
      "resolved": "https://registry.npmjs.org/@types/webgl-ext/-/webgl-ext-0.0.30.tgz",
      "integrity": "sha512-LKVgNmBxN0BbljJrVUwkxwRYqzsAEPcZOe6S2T6ZaBDIrFp0qu4FNlpc5sM1tGbXUYFgdVQIoeLk1Y1UoblyEg=="
    },
    "@types/webgl2": {
      "version": "0.0.4",
      "resolved": "https://registry.npmjs.org/@types/webgl2/-/webgl2-0.0.4.tgz",
      "integrity": "sha512-PACt1xdErJbMUOUweSrbVM7gSIYm1vTncW2hF6Os/EeWi6TXYAYMPp+8v6rzHmypE5gHrxaxZNXgMkJVIdZpHw=="
    },
    "@webgpu/types": {
      "version": "0.1.21",
      "resolved": "https://registry.npmjs.org/@webgpu/types/-/types-0.1.21.tgz",
      "integrity": "sha512-pUrWq3V5PiSGFLeLxoGqReTZmiiXwY3jRkIG5sLLKjyqNxrwm/04b4nw7LSmGWJcKk59XOM/YRTUwOzo4MMlow=="
    },
    "face-api.js": {
      "version": "0.22.2",
      "resolved": "https://registry.npmjs.org/face-api.js/-/face-api.js-0.22.2.tgz",
      "integrity": "sha512-9Bbv/yaBRTKCXjiDqzryeKhYxmgSjJ7ukvOvEBy6krA0Ah/vNBlsf7iBNfJljWiPA8Tys1/MnB3lyP2Hfmsuyw==",
      "requires": {
        "@tensorflow/tfjs-core": "1.7.0",
        "tslib": "^1.11.1"
      },
      "dependencies": {
        "@tensorflow/tfjs-core": {
          "version": "1.7.0",
          "resolved": "https://registry.npmjs.org/@tensorflow/tfjs-core/-/tfjs-core-1.7.0.tgz",
          "integrity": "sha512-uwQdiklNjqBnHPeseOdG0sGxrI3+d6lybaKu2+ou3ajVeKdPEwpWbgqA6iHjq1iylnOGkgkbbnQ6r2lwkiIIHw==",
          "requires": {
            "@types/offscreencanvas": "~2019.3.0",
            "@types/seedrandom": "2.4.27",
            "@types/webgl-ext": "0.0.30",
            "@types/webgl2": "0.0.4",
            "node-fetch": "~2.1.2",
            "seedrandom": "2.4.3"
          }
        },
        "@types/seedrandom": {
          "version": "2.4.27",
          "resolved": "https://registry.npmjs.org/@types/seedrandom/-/seedrandom-2.4.27.tgz",
          "integrity": "sha512-YvMLqFak/7rt//lPBtEHv3M4sRNA+HGxrhFZ+DQs9K2IkYJbNwVIb8avtJfhDiuaUBX/AW0jnjv48FV8h3u9bQ=="
        },
        "node-fetch": {
          "version": "2.1.2",
          "resolved": "https://registry.npmjs.org/node-fetch/-/node-fetch-2.1.2.tgz",
          "integrity": "sha512-IHLHYskTc2arMYsHZH82PVX8CSKT5lzb7AXeyO06QnjGDKtkv+pv3mEki6S7reB/x1QPo+YPxQRNEVgR5V/w3Q=="
        },
        "seedrandom": {
          "version": "2.4.3",
          "resolved": "https://registry.npmjs.org/seedrandom/-/seedrandom-2.4.3.tgz",
          "integrity": "sha512-2CkZ9Wn2dS4mMUWQaXLsOAfGD+irMlLEeSP3cMxpGbgyOOzJGFa+MWCOMTOCMyZinHRPxyOj/S/C57li/1to6Q=="
        }
      }
    },
    "long": {
      "version": "4.0.0",
      "resolved": "https://registry.npmjs.org/long/-/long-4.0.0.tgz",
      "integrity": "sha512-XsP+KhQif4bjX1kbuSiySJFNAehNxgLb6hPRGJ9QsUr8ajHkuXGdrHmFUTUUXhDwVX2R5bY4JNZEwbUiMhV+MA=="
    },
    "node-fetch": {
      "version": "2.6.7",
      "resolved": "https://registry.npmjs.org/node-fetch/-/node-fetch-2.6.7.tgz",
      "integrity": "sha512-ZjMPFEfVx5j+y2yF35Kzx5sF7kDzxuDj6ziH4FFbOp87zKDZNx8yExJIb05OGF4Nlt9IHFIMBkRl41VdvcNdbQ==",
      "requires": {
        "whatwg-url": "^5.0.0"
      }
    },
    "seedrandom": {
      "version": "3.0.5",
      "resolved": "https://registry.npmjs.org/seedrandom/-/seedrandom-3.0.5.tgz",
      "integrity": "sha512-8OwmbklUNzwezjGInmZ+2clQmExQPvomqjL7LFqOYqtmuxRgQYqOD3mHaU+MvZn5FLUeVxVfQjwLZW/n/JFuqg=="
    },
    "tr46": {
      "version": "0.0.3",
      "resolved": "https://registry.npmjs.org/tr46/-/tr46-0.0.3.tgz",
      "integrity": "sha512-N3WMsuqV66lT30CrXNbEjx4GEwlow3v6rr4mCcv6prnfwhS01rkgyFdjPNBYd9br7LpXV1+Emh01fHnq2Gdgrw=="
    },
    "tslib": {
      "version": "1.14.1",
      "resolved": "https://registry.npmjs.org/tslib/-/tslib-1.14.1.tgz",
      "integrity": "sha512-Xni35NKzjgMrwevysHTCArtLDpPvye8zV/0E4EyYn43P7/7qvQwPh9BGkHewbMulVntbigmcT7rdX3BNo9wRJg=="
    },
    "webidl-conversions": {
      "version": "3.0.1",
      "resolved": "https://registry.npmjs.org/webidl-conversions/-/webidl-conversions-3.0.1.tgz",
      "integrity": "sha512-2JAn3z8AR6rjK8Sm8orRC0h/bcl/DqL7tRPdGZ4I1CjdF+EaMLmYxBHyXuKL849eucPFhvBoxMsflfOb8kxaeQ=="
    },
    "whatwg-url": {
      "version": "5.0.0",
      "resolved": "https://registry.npmjs.org/whatwg-url/-/whatwg-url-5.0.0.tgz",
      "integrity": "sha512-saE57nupxk6v3HY35+jzBwYa0rKSy0XR8JSxZPwgLr7ys0IBzhGviA1/TUGJLmSVqs8pb9AnvICXEuOHLprYTw==",
      "requires": {
        "tr46": "~0.0.3",
        "webidl-conversions": "^3.0.0"
      }
    }
  }
}
